
Microsoft Visual Studio Solution File, Format Version 12.00
# Visual Studio Version 16
VisualStudioVersion = 25.0.1706.14
MinimumVisualStudioVersion = 10.0.40219.1
Project("{FAE04EC0-301F-11D3-BF4B-00C04F79EFBC}") = "TieChef", "TieChef\TieChef.csproj", "{2AD879FC-E5A0-4922-843C-E39D3DC05B08}"
EndProject
Global
	GlobalSection(SolutionConfigurationPlatforms) = preSolution
		Debug|Any CPU = Debug|Any CPU
		Release|Any CPU = Release|Any CPU
	EndGlobalSection
	GlobalSection(ProjectConfigurationPlatforms) = postSolution
		{2AD879FC-E5A0-4922-843C-E39D3DC05B08}.Debug|Any CPU.ActiveCfg = Debug|Any CPU
		{2AD879FC-E5A0-4922-843C-E39D3DC05B08}.Debug|Any CPU.Build.0 = Debug|Any CPU
		{2AD879FC-E5A0-4922-843C-E39D3DC05B08}.Release|Any CPU.ActiveCfg = Release|Any CPU
		{2AD879FC-E5A0-4922-843C-E39D3DC05B08}.Release|Any CPU.Build.0 = Release|Any CPU
	EndGlobalSection
	GlobalSection(SolutionProperties) = preSolution
		HideSolutionNode = FALSE
	EndGlobalSection
	GlobalSection(ExtensibilityGlobals) = postSolution
		SolutionGuid = {C005B499-6294-4D0E-9306-1331147FFA6C}
	EndGlobalSection
EndGlobal
